
Microsoft Visual Studio Solution File, Format Version 12.00
# Visual Studio 15
VisualStudioVersion = 15.0.28307.329
MinimumVisualStudioVersion = 10.0.40219.1
Project("{FAE04EC0-301F-11D3-BF4B-00C04F79EFBC}") = "AutoMapperRepro", "AutoMapperRepro\AutoMapperRepro.csproj", "{E6AD3834-C101-4241-B198-1B51E884937A}"
EndProject
Global
	GlobalSection(SolutionConfigurationPlatforms) = preSolution
		Debug|Any CPU = Debug|Any CPU
		Release|Any CPU = Release|Any CPU
	EndGlobalSection
	GlobalSection(ProjectConfigurationPlatforms) = postSolution
		{E6AD3834-C101-4241-B198-1B51E884937A}.Debug|Any CPU.ActiveCfg = Debug|Any CPU
		{E6AD3834-C101-4241-B198-1B51E884937A}.Debug|Any CPU.Build.0 = Debug|Any CPU
		{E6AD3834-C101-4241-B198-1B51E884937A}.Release|Any CPU.ActiveCfg = Release|Any CPU
		{E6AD3834-C101-4241-B198-1B51E884937A}.Release|Any CPU.Build.0 = Release|Any CPU
	EndGlobalSection
	GlobalSection(SolutionProperties) = preSolution
		HideSolutionNode = FALSE
	EndGlobalSection
	GlobalSection(ExtensibilityGlobals) = postSolution
		SolutionGuid = {FC9797E4-9AB6-4869-9A14-64CD6FD3DF0D}
	EndGlobalSection
EndGlobal
